
Microsoft Visual Studio Solution File, Format Version 12.00
# Visual Studio 15
Project("{FAE04EC0-301F-11D3-BF4B-00C04F79EFBC}") = "Padrao_MVVM", "Padrao_MVVM\Padrao_MVVM.csproj", "{F7E18C8B-7D64-4C1D-8F37-4093D89D61FE}"
EndProject
Global
	GlobalSection(SolutionConfigurationPlatforms) = preSolution
		Debug|Any CPU = Debug|Any CPU
		Release|Any CPU = Release|Any CPU
	EndGlobalSection
	GlobalSection(ProjectConfigurationPlatforms) = postSolution
		{F7E18C8B-7D64-4C1D-8F37-4093D89D61FE}.Debug|Any CPU.ActiveCfg = Debug|Any CPU
		{F7E18C8B-7D64-4C1D-8F37-4093D89D61FE}.Debug|Any CPU.Build.0 = Debug|Any CPU
		{F7E18C8B-7D64-4C1D-8F37-4093D89D61FE}.Release|Any CPU.ActiveCfg = Release|Any CPU
		{F7E18C8B-7D64-4C1D-8F37-4093D89D61FE}.Release|Any CPU.Build.0 = Release|Any CPU
	EndGlobalSection
EndGlobal
